
Microsoft Visual Studio Solution File, Format Version 12.00
# Visual Studio Version 17
VisualStudioVersion = 17.9.34622.214
MinimumVisualStudioVersion = 10.0.40219.1
Project("{9A19103F-16F7-4668-BE54-9A1E7A4F7556}") = "DeliveryApp", "DeliveryApp.csproj", "{210537B4-F913-40BE-A8DD-32A58D54C263}"
EndProject
Project("{FAE04EC0-301F-11D3-BF4B-00C04F79EFBC}") = "DeliveryApp.Tests", "..\DeliveryApp.Tests\DeliveryApp.Tests.csproj", "{A6060105-7A40-44A4-9AE5-07061247AF52}"
EndProject
Global
	GlobalSection(SolutionConfigurationPlatforms) = preSolution
		Debug|Any CPU = Debug|Any CPU
		Release|Any CPU = Release|Any CPU
	EndGlobalSection
	GlobalSection(ProjectConfigurationPlatforms) = postSolution
		{210537B4-F913-40BE-A8DD-32A58D54C263}.Debug|Any CPU.ActiveCfg = Debug|Any CPU
		{210537B4-F913-40BE-A8DD-32A58D54C263}.Debug|Any CPU.Build.0 = Debug|Any CPU
		{210537B4-F913-40BE-A8DD-32A58D54C263}.Release|Any CPU.ActiveCfg = Release|Any CPU
		{210537B4-F913-40BE-A8DD-32A58D54C263}.Release|Any CPU.Build.0 = Release|Any CPU
		{A6060105-7A40-44A4-9AE5-07061247AF52}.Debug|Any CPU.ActiveCfg = Debug|Any CPU
		{A6060105-7A40-44A4-9AE5-07061247AF52}.Debug|Any CPU.Build.0 = Debug|Any CPU
		{A6060105-7A40-44A4-9AE5-07061247AF52}.Release|Any CPU.ActiveCfg = Release|Any CPU
		{A6060105-7A40-44A4-9AE5-07061247AF52}.Release|Any CPU.Build.0 = Release|Any CPU
	EndGlobalSection
	GlobalSection(SolutionProperties) = preSolution
		HideSolutionNode = FALSE
	EndGlobalSection
	GlobalSection(ExtensibilityGlobals) = postSolution
		SolutionGuid = {31A3CBD8-74A9-44C9-ACBE-D230B97003E0}
	EndGlobalSection
EndGlobal
